
Microsoft Visual Studio Solution File, Format Version 12.00
# Visual Studio Version 17
VisualStudioVersion = 17.9.34607.119
MinimumVisualStudioVersion = 10.0.40219.1
Project("{FAE04EC0-301F-11D3-BF4B-00C04F79EFBC}") = "Scarpe & Co", "Scarpe & Co.csproj", "{C4EE278E-B1E7-4B2B-A6CF-D9A20C70FC91}"
EndProject
Global
	GlobalSection(SolutionConfigurationPlatforms) = preSolution
		Debug|Any CPU = Debug|Any CPU
		Release|Any CPU = Release|Any CPU
	EndGlobalSection
	GlobalSection(ProjectConfigurationPlatforms) = postSolution
		{C4EE278E-B1E7-4B2B-A6CF-D9A20C70FC91}.Debug|Any CPU.ActiveCfg = Debug|Any CPU
		{C4EE278E-B1E7-4B2B-A6CF-D9A20C70FC91}.Debug|Any CPU.Build.0 = Debug|Any CPU
		{C4EE278E-B1E7-4B2B-A6CF-D9A20C70FC91}.Release|Any CPU.ActiveCfg = Release|Any CPU
		{C4EE278E-B1E7-4B2B-A6CF-D9A20C70FC91}.Release|Any CPU.Build.0 = Release|Any CPU
	EndGlobalSection
	GlobalSection(SolutionProperties) = preSolution
		HideSolutionNode = FALSE
	EndGlobalSection
	GlobalSection(ExtensibilityGlobals) = postSolution
		SolutionGuid = {7BA5719E-208E-4DB2-B484-CF1E64BF830E}
	EndGlobalSection
EndGlobal
